
Microsoft Visual Studio Solution File, Format Version 12.00
# Visual Studio Version 17
VisualStudioVersion = 17.3.32901.215
MinimumVisualStudioVersion = 10.0.40219.1
Project("{FAE04EC0-301F-11D3-BF4B-00C04F79EFBC}") = "WhiteHole.Repository", ".\WhiteHole.Repository\WhiteHole.Repository.csproj", "{D3B30349-2385-461F-B8B9-00CF83E0BF28}"
EndProject
Project("{FAE04EC0-301F-11D3-BF4B-00C04F79EFBC}") = "WhiteHole.API", ".\WhiteHole.API\WhiteHole.API.csproj", "{BD3E6823-37A2-401A-939F-3E19125F8E40}"
EndProject
Project("{FAE04EC0-301F-11D3-BF4B-00C04F79EFBC}") = "WhiteHole.Services", ".\WhiteHole.Services\WhiteHole.Services.csproj", "{1F938823-E9B8-427C-BAD9-6DFBF4EC050A}"
EndProject
Project("{FAE04EC0-301F-11D3-BF4B-00C04F79EFBC}") = "WhiteHole.DTO", ".\WhiteHole.DTO\WhiteHole.DTO.csproj", "{AE3C8325-BD05-4157-BFC2-AE3192959DCB}"
EndProject
Global
	GlobalSection(SolutionConfigurationPlatforms) = preSolution
		Debug|Any CPU = Debug|Any CPU
		Release|Any CPU = Release|Any CPU
	EndGlobalSection
	GlobalSection(ProjectConfigurationPlatforms) = postSolution
		{D3B30349-2385-461F-B8B9-00CF83E0BF28}.Debug|Any CPU.ActiveCfg = Debug|Any CPU
		{D3B30349-2385-461F-B8B9-00CF83E0BF28}.Debug|Any CPU.Build.0 = Debug|Any CPU
		{D3B30349-2385-461F-B8B9-00CF83E0BF28}.Release|Any CPU.ActiveCfg = Release|Any CPU
		{D3B30349-2385-461F-B8B9-00CF83E0BF28}.Release|Any CPU.Build.0 = Release|Any CPU
		{BD3E6823-37A2-401A-939F-3E19125F8E40}.Debug|Any CPU.ActiveCfg = Debug|Any CPU
		{BD3E6823-37A2-401A-939F-3E19125F8E40}.Debug|Any CPU.Build.0 = Debug|Any CPU
		{BD3E6823-37A2-401A-939F-3E19125F8E40}.Release|Any CPU.ActiveCfg = Release|Any CPU
		{BD3E6823-37A2-401A-939F-3E19125F8E40}.Release|Any CPU.Build.0 = Release|Any CPU
		{1F938823-E9B8-427C-BAD9-6DFBF4EC050A}.Debug|Any CPU.ActiveCfg = Debug|Any CPU
		{1F938823-E9B8-427C-BAD9-6DFBF4EC050A}.Debug|Any CPU.Build.0 = Debug|Any CPU
		{1F938823-E9B8-427C-BAD9-6DFBF4EC050A}.Release|Any CPU.ActiveCfg = Release|Any CPU
		{1F938823-E9B8-427C-BAD9-6DFBF4EC050A}.Release|Any CPU.Build.0 = Release|Any CPU
		{AE3C8325-BD05-4157-BFC2-AE3192959DCB}.Debug|Any CPU.ActiveCfg = Debug|Any CPU
		{AE3C8325-BD05-4157-BFC2-AE3192959DCB}.Debug|Any CPU.Build.0 = Debug|Any CPU
		{AE3C8325-BD05-4157-BFC2-AE3192959DCB}.Release|Any CPU.ActiveCfg = Release|Any CPU
		{AE3C8325-BD05-4157-BFC2-AE3192959DCB}.Release|Any CPU.Build.0 = Release|Any CPU
	EndGlobalSection
	GlobalSection(SolutionProperties) = preSolution
		HideSolutionNode = FALSE
	EndGlobalSection
	GlobalSection(ExtensibilityGlobals) = postSolution
		SolutionGuid = {32A70332-6700-4C55-873F-C4DDE3E469A7}
	EndGlobalSection
EndGlobal
